
Microsoft Visual Studio Solution File, Format Version 12.00
# Visual Studio Version 17
VisualStudioVersion = 17.3.32804.467
MinimumVisualStudioVersion = 10.0.40219.1
Project("{9A19103F-16F7-4668-BE54-9A1E7A4F7556}") = "Accounting.Model", "Accounting.Model\Accounting.Model.csproj", "{3D328014-9C78-4921-A8D5-972737E590FB}"
EndProject
Project("{9A19103F-16F7-4668-BE54-9A1E7A4F7556}") = "Accounting.WebApi", "Accounting.WebApi\Accounting.WebApi.csproj", "{9090F267-3CE4-462C-8B17-30BF35B16CF8}"
EndProject
Project("{FAE04EC0-301F-11D3-BF4B-00C04F79EFBC}") = "Accounting.DAL", "Accounting.DAL\Accounting.DAL.csproj", "{B834BFB2-A92C-41B7-9D0B-DAE2738557C9}"
EndProject
Project("{FAE04EC0-301F-11D3-BF4B-00C04F79EFBC}") = "Accounting.BLL", "Accounting.BLL\Accounting.BLL.csproj", "{FB35F81B-B42B-403C-B0F8-7D21D18953FB}"
EndProject
Global
	GlobalSection(SolutionConfigurationPlatforms) = preSolution
		Debug|Any CPU = Debug|Any CPU
		Release|Any CPU = Release|Any CPU
	EndGlobalSection
	GlobalSection(ProjectConfigurationPlatforms) = postSolution
		{3D328014-9C78-4921-A8D5-972737E590FB}.Debug|Any CPU.ActiveCfg = Debug|Any CPU
		{3D328014-9C78-4921-A8D5-972737E590FB}.Debug|Any CPU.Build.0 = Debug|Any CPU
		{3D328014-9C78-4921-A8D5-972737E590FB}.Release|Any CPU.ActiveCfg = Release|Any CPU
		{3D328014-9C78-4921-A8D5-972737E590FB}.Release|Any CPU.Build.0 = Release|Any CPU
		{9090F267-3CE4-462C-8B17-30BF35B16CF8}.Debug|Any CPU.ActiveCfg = Debug|Any CPU
		{9090F267-3CE4-462C-8B17-30BF35B16CF8}.Debug|Any CPU.Build.0 = Debug|Any CPU
		{9090F267-3CE4-462C-8B17-30BF35B16CF8}.Release|Any CPU.ActiveCfg = Release|Any CPU
		{9090F267-3CE4-462C-8B17-30BF35B16CF8}.Release|Any CPU.Build.0 = Release|Any CPU
		{B834BFB2-A92C-41B7-9D0B-DAE2738557C9}.Debug|Any CPU.ActiveCfg = Debug|Any CPU
		{B834BFB2-A92C-41B7-9D0B-DAE2738557C9}.Debug|Any CPU.Build.0 = Debug|Any CPU
		{B834BFB2-A92C-41B7-9D0B-DAE2738557C9}.Release|Any CPU.ActiveCfg = Release|Any CPU
		{B834BFB2-A92C-41B7-9D0B-DAE2738557C9}.Release|Any CPU.Build.0 = Release|Any CPU
		{FB35F81B-B42B-403C-B0F8-7D21D18953FB}.Debug|Any CPU.ActiveCfg = Debug|Any CPU
		{FB35F81B-B42B-403C-B0F8-7D21D18953FB}.Debug|Any CPU.Build.0 = Debug|Any CPU
		{FB35F81B-B42B-403C-B0F8-7D21D18953FB}.Release|Any CPU.ActiveCfg = Release|Any CPU
		{FB35F81B-B42B-403C-B0F8-7D21D18953FB}.Release|Any CPU.Build.0 = Release|Any CPU
	EndGlobalSection
	GlobalSection(SolutionProperties) = preSolution
		HideSolutionNode = FALSE
	EndGlobalSection
	GlobalSection(ExtensibilityGlobals) = postSolution
		SolutionGuid = {91DDE884-A6D0-45FA-9AFD-87A0C433F332}
	EndGlobalSection
EndGlobal
